// !$*UTF8*$!
{
	archiveVersion = 1;
	classes = {
	};
	objectVersion = 77;
	objects = {

/* Begin PBXBuildFile section */
		E31F36A12DDF298800CF4818 /* CommonModule in Frameworks */ = {isa = PBXBuildFile; productRef = E31F36A02DDF298800CF4818 /* CommonModule */; };
		E31F36A32DDF298E00CF4818 /* HomeModule in Frameworks */ = {isa = PBXBuildFile; productRef = E31F36A22DDF298E00CF4818 /* HomeModule */; };
		E31F36A72DDF299900CF4818 /* LoginModule in Frameworks */ = {isa = PBXBuildFile; productRef = E31F36A62DDF299900CF4818 /* LoginModule */; };
		E31F36B12DDF3EFF00CF4818 /* UtilityModule in Resources */ = {isa = PBXBuildFile; fileRef = E31F36B02DDF3EF100CF4818 /* UtilityModule */; };
		E37A56482DDF184B00E325C9 /* Swinject in Frameworks */ = {isa = PBXBuildFile; productRef = E37A56472DDF184B00E325C9 /* Swinject */; };
/* End PBXBuildFile section */

/* Begin PBXFileReference section */
		E31F369A2DDF1E8B00CF4818 /* LoginModule */ = {isa = PBXFileReference; lastKnownFileType = wrapper; path = LoginModule; sourceTree = "<group>"; };
		E31F36B02DDF3EF100CF4818 /* UtilityModule */ = {isa = PBXFileReference; lastKnownFileType = wrapper; path = UtilityModule; sourceTree = "<group>"; };
		E37A562D2DDF178F00E325C9 /* ModularDependency.app */ = {isa = PBXFileReference; explicitFileType = wrapper.application; includeInIndex = 0; path = ModularDependency.app; sourceTree = BUILT_PRODUCTS_DIR; };
		E37A564D2DDF1D8000E325C9 /* CommonModule */ = {isa = PBXFileReference; lastKnownFileType = wrapper; path = CommonModule; sourceTree = "<group>"; };
		E37A564E2DDF1DD500E325C9 /* HomeModule */ = {isa = PBXFileReference; lastKnownFileType = wrapper; path = HomeModule; sourceTree = "<group>"; };
/* End PBXFileReference section */

/* Begin PBXFileSystemSynchronizedBuildFileExceptionSet section */
		E31F36AC2DDF3A8400CF4818 /* Exceptions for "ModularDependency" folder in "ModularDependency" target */ = {
			isa = PBXFileSystemSynchronizedBuildFileExceptionSet;
			membershipExceptions = (
				App/Info.plist,
			);
			target = E37A562C2DDF178F00E325C9 /* ModularDependency */;
		};
/* End PBXFileSystemSynchronizedBuildFileExceptionSet section */

/* Begin PBXFileSystemSynchronizedRootGroup section */
		E37A562F2DDF178F00E325C9 /* ModularDependency */ = {
			isa = PBXFileSystemSynchronizedRootGroup;
			exceptions = (
				E31F36AC2DDF3A8400CF4818 /* Exceptions for "ModularDependency" folder in "ModularDependency" target */,
			);
			path = ModularDependency;
			sourceTree = "<group>";
		};
/* End PBXFileSystemSynchronizedRootGroup section */

/* Begin PBXFrameworksBuildPhase section */
		E37A562A2DDF178F00E325C9 /* Frameworks */ = {
			isa = PBXFrameworksBuildPhase;
			buildActionMask = 2147483647;
			files = (
				E31F36A72DDF299900CF4818 /* LoginModule in Frameworks */,
				E31F36A12DDF298800CF4818 /* CommonModule in Frameworks */,
				E31F36A32DDF298E00CF4818 /* HomeModule in Frameworks */,
				E37A56482DDF184B00E325C9 /* Swinject in Frameworks */,
			);
			runOnlyForDeploymentPostprocessing = 0;
		};
/* End PBXFrameworksBuildPhase section */

/* Begin PBXGroup section */
		E31F369B2DDF209200CF4818 /* Shared */ = {
			isa = PBXGroup;
			children = (
				E31F36B02DDF3EF100CF4818 /* UtilityModule */,
			);
			path = Shared;
			sourceTree = "<group>";
		};
		E31F369F2DDF298800CF4818 /* Frameworks */ = {
			isa = PBXGroup;
			children = (
			);
			name = Frameworks;
			sourceTree = "<group>";
		};
		E37A56242DDF178F00E325C9 = {
			isa = PBXGroup;
			children = (
				E31F369B2DDF209200CF4818 /* Shared */,
				E37A56452DDF17A700E325C9 /* Modules */,
				E37A562F2DDF178F00E325C9 /* ModularDependency */,
				E31F369F2DDF298800CF4818 /* Frameworks */,
				E37A562E2DDF178F00E325C9 /* Products */,
			);
			sourceTree = "<group>";
		};
		E37A562E2DDF178F00E325C9 /* Products */ = {
			isa = PBXGroup;
			children = (
				E37A562D2DDF178F00E325C9 /* ModularDependency.app */,
			);
			name = Products;
			sourceTree = "<group>";
		};
		E37A56452DDF17A700E325C9 /* Modules */ = {
			isa = PBXGroup;
			children = (
				E37A564D2DDF1D8000E325C9 /* CommonModule */,
				E31F369A2DDF1E8B00CF4818 /* LoginModule */,
				E37A564E2DDF1DD500E325C9 /* HomeModule */,
			);
			path = Modules;
			sourceTree = "<group>";
		};
/* End PBXGroup section */

/* Begin PBXNativeTarget section */
		E37A562C2DDF178F00E325C9 /* ModularDependency */ = {
			isa = PBXNativeTarget;
			buildConfigurationList = E37A56402DDF179000E325C9 /* Build configuration list for PBXNativeTarget "ModularDependency" */;
			buildPhases = (
				E37A56292DDF178F00E325C9 /* Sources */,
				E37A562A2DDF178F00E325C9 /* Frameworks */,
				E37A562B2DDF178F00E325C9 /* Resources */,
			);
			buildRules = (
			);
			dependencies = (
			);
			fileSystemSynchronizedGroups = (
				E37A562F2DDF178F00E325C9 /* ModularDependency */,
			);
			name = ModularDependency;
			packageProductDependencies = (
				E37A56472DDF184B00E325C9 /* Swinject */,
				E31F36A02DDF298800CF4818 /* CommonModule */,
				E31F36A22DDF298E00CF4818 /* HomeModule */,
				E31F36A62DDF299900CF4818 /* LoginModule */,
			);
			productName = ModularDependency;
			productReference = E37A562D2DDF178F00E325C9 /* ModularDependency.app */;
			productType = "com.apple.product-type.application";
		};
/* End PBXNativeTarget section */

/* Begin PBXProject section */
		E37A56252DDF178F00E325C9 /* Project object */ = {
			isa = PBXProject;
			attributes = {
				BuildIndependentTargetsInParallel = 1;
				LastSwiftUpdateCheck = 1630;
				LastUpgradeCheck = 1630;
				TargetAttributes = {
					E37A562C2DDF178F00E325C9 = {
						CreatedOnToolsVersion = 16.3;
					};
				};
			};
			buildConfigurationList = E37A56282DDF178F00E325C9 /* Build configuration list for PBXProject "ModularDependency" */;
			developmentRegion = en;
			hasScannedForEncodings = 0;
			knownRegions = (
				en,
				Base,
			);
			mainGroup = E37A56242DDF178F00E325C9;
			minimizedProjectReferenceProxies = 1;
			packageReferences = (
				E37A56462DDF184B00E325C9 /* XCRemoteSwiftPackageReference "Swinject" */,
			);
			preferredProjectObjectVersion = 77;
			productRefGroup = E37A562E2DDF178F00E325C9 /* Products */;
			projectDirPath = "";
			projectRoot = "";
			targets = (
				E37A562C2DDF178F00E325C9 /* ModularDependency */,
			);
		};
/* End PBXProject section */

/* Begin PBXResourcesBuildPhase section */
		E37A562B2DDF178F00E325C9 /* Resources */ = {
			isa = PBXResourcesBuildPhase;
			buildActionMask = 2147483647;
			files = (
				E31F36B12DDF3EFF00CF4818 /* UtilityModule in Resources */,
			);
			runOnlyForDeploymentPostprocessing = 0;
		};
/* End PBXResourcesBuildPhase section */

/* Begin PBXSourcesBuildPhase section */
		E37A56292DDF178F00E325C9 /* Sources */ = {
			isa = PBXSourcesBuildPhase;
			buildActionMask = 2147483647;
			files = (
			);
			runOnlyForDeploymentPostprocessing = 0;
		};
/* End PBXSourcesBuildPhase section */

/* Begin XCBuildConfiguration section */
		E37A56412DDF179000E325C9 /* Debug */ = {
			isa = XCBuildConfiguration;
			buildSettings = {
				ASSETCATALOG_COMPILER_APPICON_NAME = AppIcon;
				ASSETCATALOG_COMPILER_GLOBAL_ACCENT_COLOR_NAME = AccentColor;
				CODE_SIGN_STYLE = Automatic;
				CURRENT_PROJECT_VERSION = 1;
				DEVELOPMENT_TEAM = 676C9D7B87;
				GENERATE_INFOPLIST_FILE = YES;
				INFOPLIST_FILE = ModularDependency/App/Info.plist;
				INFOPLIST_KEY_UIApplicationSupportsIndirectInputEvents = YES;
				INFOPLIST_KEY_UILaunchStoryboardName = LaunchScreen;
				INFOPLIST_KEY_UIMainStoryboardFile = "";
				INFOPLIST_KEY_UISupportedInterfaceOrientations_iPad = "UIInterfaceOrientationPortrait UIInterfaceOrientationPortraitUpsideDown UIInterfaceOrientationLandscapeLeft UIInterfaceOrientationLandscapeRight";
				INFOPLIST_KEY_UISupportedInterfaceOrientations_iPhone = "UIInterfaceOrientationPortrait UIInterfaceOrientationLandscapeLeft UIInterfaceOrientationLandscapeRight";
				IPHONEOS_DEPLOYMENT_TARGET = 13.0;
				LD_RUNPATH_SEARCH_PATHS = (
					"$(inherited)",
					"@executable_path/Frameworks",
				);
				MARKETING_VERSION = 1.0;
				PRODUCT_BUNDLE_IDENTIFIER = com.tinle.ModularDependency;
				PRODUCT_NAME = "$(TARGET_NAME)";
				SWIFT_EMIT_LOC_STRINGS = YES;
				SWIFT_VERSION = 5.0;
				TARGETED_DEVICE_FAMILY = "1,2";
			};
			name = Debug;
		};
		E37A56422DDF179000E325C9 /* Release */ = {
			isa = XCBuildConfiguration;
			buildSettings = {
				ASSETCATALOG_COMPILER_APPICON_NAME = AppIcon;
				ASSETCATALOG_COMPILER_GLOBAL_ACCENT_COLOR_NAME = AccentColor;
				CODE_SIGN_STYLE = Automatic;
				CURRENT_PROJECT_VERSION = 1;
				DEVELOPMENT_TEAM = 676C9D7B87;
				GENERATE_INFOPLIST_FILE = YES;
				INFOPLIST_FILE = ModularDependency/App/Info.plist;
				INFOPLIST_KEY_UIApplicationSupportsIndirectInputEvents = YES;
				INFOPLIST_KEY_UILaunchStoryboardName = LaunchScreen;
				INFOPLIST_KEY_UIMainStoryboardFile = "";
				INFOPLIST_KEY_UISupportedInterfaceOrientations_iPad = "UIInterfaceOrientationPortrait UIInterfaceOrientationPortraitUpsideDown UIInterfaceOrientationLandscapeLeft UIInterfaceOrientationLandscapeRight";
				INFOPLIST_KEY_UISupportedInterfaceOrientations_iPhone = "UIInterfaceOrientationPortrait UIInterfaceOrientationLandscapeLeft UIInterfaceOrientationLandscapeRight";
				IPHONEOS_DEPLOYMENT_TARGET = 13.0;
				LD_RUNPATH_SEARCH_PATHS = (
					"$(inherited)",
					"@executable_path/Frameworks",
				);
				MARKETING_VERSION = 1.0;
				PRODUCT_BUNDLE_IDENTIFIER = com.tinle.ModularDependency;
				PRODUCT_NAME = "$(TARGET_NAME)";
				SWIFT_EMIT_LOC_STRINGS = YES;
				SWIFT_VERSION = 5.0;
				TARGETED_DEVICE_FAMILY = "1,2";
			};
			name = Release;
		};
		E37A56432DDF179000E325C9 /* Debug */ = {
			isa = XCBuildConfiguration;
			buildSettings = {
				ALWAYS_SEARCH_USER_PATHS = NO;
				ASSETCATALOG_COMPILER_GENERATE_SWIFT_ASSET_SYMBOL_EXTENSIONS = YES;
				CLANG_ANALYZER_NONNULL = YES;
				CLANG_ANALYZER_NUMBER_OBJECT_CONVERSION = YES_AGGRESSIVE;
				CLANG_CXX_LANGUAGE_STANDARD = "gnu++20";
				CLANG_ENABLE_MODULES = YES;
				CLANG_ENABLE_OBJC_ARC = YES;
				CLANG_ENABLE_OBJC_WEAK = YES;
				CLANG_WARN_BLOCK_CAPTURE_AUTORELEASING = YES;
				CLANG_WARN_BOOL_CONVERSION = YES;
				CLANG_WARN_COMMA = YES;
				CLANG_WARN_CONSTANT_CONVERSION = YES;
				CLANG_WARN_DEPRECATED_OBJC_IMPLEMENTATIONS = YES;
				CLANG_WARN_DIRECT_OBJC_ISA_USAGE = YES_ERROR;
				CLANG_WARN_DOCUMENTATION_COMMENTS = YES;
				CLANG_WARN_EMPTY_BODY = YES;
				CLANG_WARN_ENUM_CONVERSION = YES;
				CLANG_WARN_INFINITE_RECURSION = YES;
				CLANG_WARN_INT_CONVERSION = YES;
				CLANG_WARN_NON_LITERAL_NULL_CONVERSION = YES;
				CLANG_WARN_OBJC_IMPLICIT_RETAIN_SELF = YES;
				CLANG_WARN_OBJC_LITERAL_CONVERSION = YES;
				CLANG_WARN_OBJC_ROOT_CLASS = YES_ERROR;
				CLANG_WARN_QUOTED_INCLUDE_IN_FRAMEWORK_HEADER = YES;
				CLANG_WARN_RANGE_LOOP_ANALYSIS = YES;
				CLANG_WARN_STRICT_PROTOTYPES = YES;
				CLANG_WARN_SUSPICIOUS_MOVE = YES;
				CLANG_WARN_UNGUARDED_AVAILABILITY = YES_AGGRESSIVE;
				CLANG_WARN_UNREACHABLE_CODE = YES;
				CLANG_WARN__DUPLICATE_METHOD_MATCH = YES;
				COPY_PHASE_STRIP = NO;
				DEBUG_INFORMATION_FORMAT = dwarf;
				DEVELOPMENT_TEAM = 676C9D7B87;
				ENABLE_STRICT_OBJC_MSGSEND = YES;
				ENABLE_TESTABILITY = YES;
				ENABLE_USER_SCRIPT_SANDBOXING = YES;
				GCC_C_LANGUAGE_STANDARD = gnu17;
				GCC_DYNAMIC_NO_PIC = NO;
				GCC_NO_COMMON_BLOCKS = YES;
				GCC_OPTIMIZATION_LEVEL = 0;
				GCC_PREPROCESSOR_DEFINITIONS = (
					"DEBUG=1",
					"$(inherited)",
				);
				GCC_WARN_64_TO_32_BIT_CONVERSION = YES;
				GCC_WARN_ABOUT_RETURN_TYPE = YES_ERROR;
				GCC_WARN_UNDECLARED_SELECTOR = YES;
				GCC_WARN_UNINITIALIZED_AUTOS = YES_AGGRESSIVE;
				GCC_WARN_UNUSED_FUNCTION = YES;
				GCC_WARN_UNUSED_VARIABLE = YES;
				INFOPLIST_KEY_UILaunchStoryboardName = LaunchScreen;
				IPHONEOS_DEPLOYMENT_TARGET = 18.4;
				LOCALIZATION_PREFERS_STRING_CATALOGS = YES;
				MTL_ENABLE_DEBUG_INFO = INCLUDE_SOURCE;
				MTL_FAST_MATH = YES;
				ONLY_ACTIVE_ARCH = YES;
				SDKROOT = iphoneos;
				SWIFT_ACTIVE_COMPILATION_CONDITIONS = "DEBUG $(inherited)";
				SWIFT_OPTIMIZATION_LEVEL = "-Onone";
			};
			name = Debug;
		};
		E37A56442DDF179000E325C9 /* Release */ = {
			isa = XCBuildConfiguration;
			buildSettings = {
				ALWAYS_SEARCH_USER_PATHS = NO;
				ASSETCATALOG_COMPILER_GENERATE_SWIFT_ASSET_SYMBOL_EXTENSIONS = YES;
				CLANG_ANALYZER_NONNULL = YES;
				CLANG_ANALYZER_NUMBER_OBJECT_CONVERSION = YES_AGGRESSIVE;
				CLANG_CXX_LANGUAGE_STANDARD = "gnu++20";
				CLANG_ENABLE_MODULES = YES;
				CLANG_ENABLE_OBJC_ARC = YES;
				CLANG_ENABLE_OBJC_WEAK = YES;
				CLANG_WARN_BLOCK_CAPTURE_AUTORELEASING = YES;
				CLANG_WARN_BOOL_CONVERSION = YES;
				CLANG_WARN_COMMA = YES;
				CLANG_WARN_CONSTANT_CONVERSION = YES;
				CLANG_WARN_DEPRECATED_OBJC_IMPLEMENTATIONS = YES;
				CLANG_WARN_DIRECT_OBJC_ISA_USAGE = YES_ERROR;
				CLANG_WARN_DOCUMENTATION_COMMENTS = YES;
				CLANG_WARN_EMPTY_BODY = YES;
				CLANG_WARN_ENUM_CONVERSION = YES;
				CLANG_WARN_INFINITE_RECURSION = YES;
				CLANG_WARN_INT_CONVERSION = YES;
				CLANG_WARN_NON_LITERAL_NULL_CONVERSION = YES;
				CLANG_WARN_OBJC_IMPLICIT_RETAIN_SELF = YES;
				CLANG_WARN_OBJC_LITERAL_CONVERSION = YES;
				CLANG_WARN_OBJC_ROOT_CLASS = YES_ERROR;
				CLANG_WARN_QUOTED_INCLUDE_IN_FRAMEWORK_HEADER = YES;
				CLANG_WARN_RANGE_LOOP_ANALYSIS = YES;
				CLANG_WARN_STRICT_PROTOTYPES = YES;
				CLANG_WARN_SUSPICIOUS_MOVE = YES;
				CLANG_WARN_UNGUARDED_AVAILABILITY = YES_AGGRESSIVE;
				CLANG_WARN_UNREACHABLE_CODE = YES;
				CLANG_WARN__DUPLICATE_METHOD_MATCH = YES;
				COPY_PHASE_STRIP = NO;
				DEBUG_INFORMATION_FORMAT = "dwarf-with-dsym";
				DEVELOPMENT_TEAM = 676C9D7B87;
				ENABLE_NS_ASSERTIONS = NO;
				ENABLE_STRICT_OBJC_MSGSEND = YES;
				ENABLE_USER_SCRIPT_SANDBOXING = YES;
				GCC_C_LANGUAGE_STANDARD = gnu17;
				GCC_NO_COMMON_BLOCKS = YES;
				GCC_WARN_64_TO_32_BIT_CONVERSION = YES;
				GCC_WARN_ABOUT_RETURN_TYPE = YES_ERROR;
				GCC_WARN_UNDECLARED_SELECTOR = YES;
				GCC_WARN_UNINITIALIZED_AUTOS = YES_AGGRESSIVE;
				GCC_WARN_UNUSED_FUNCTION = YES;
				GCC_WARN_UNUSED_VARIABLE = YES;
				INFOPLIST_KEY_UILaunchStoryboardName = LaunchScreen;
				IPHONEOS_DEPLOYMENT_TARGET = 18.4;
				LOCALIZATION_PREFERS_STRING_CATALOGS = YES;
				MTL_ENABLE_DEBUG_INFO = NO;
				MTL_FAST_MATH = YES;
				SDKROOT = iphoneos;
				SWIFT_COMPILATION_MODE = wholemodule;
				VALIDATE_PRODUCT = YES;
			};
			name = Release;
		};
/* End XCBuildConfiguration section */

/* Begin XCConfigurationList section */
		E37A56282DDF178F00E325C9 /* Build configuration list for PBXProject "ModularDependency" */ = {
			isa = XCConfigurationList;
			buildConfigurations = (
				E37A56432DDF179000E325C9 /* Debug */,
				E37A56442DDF179000E325C9 /* Release */,
			);
			defaultConfigurationIsVisible = 0;
			defaultConfigurationName = Release;
		};
		E37A56402DDF179000E325C9 /* Build configuration list for PBXNativeTarget "ModularDependency" */ = {
			isa = XCConfigurationList;
			buildConfigurations = (
				E37A56412DDF179000E325C9 /* Debug */,
				E37A56422DDF179000E325C9 /* Release */,
			);
			defaultConfigurationIsVisible = 0;
			defaultConfigurationName = Release;
		};
/* End XCConfigurationList section */

/* Begin XCRemoteSwiftPackageReference section */
		E37A56462DDF184B00E325C9 /* XCRemoteSwiftPackageReference "Swinject" */ = {
			isa = XCRemoteSwiftPackageReference;
			repositoryURL = "https://github.com/Swinject/Swinject";
			requirement = {
				kind = upToNextMajorVersion;
				minimumVersion = 2.9.1;
			};
		};
/* End XCRemoteSwiftPackageReference section */

/* Begin XCSwiftPackageProductDependency section */
		E31F36A02DDF298800CF4818 /* CommonModule */ = {
			isa = XCSwiftPackageProductDependency;
			productName = CommonModule;
		};
		E31F36A22DDF298E00CF4818 /* HomeModule */ = {
			isa = XCSwiftPackageProductDependency;
			productName = HomeModule;
		};
		E31F36A62DDF299900CF4818 /* LoginModule */ = {
			isa = XCSwiftPackageProductDependency;
			productName = LoginModule;
		};
		E37A56472DDF184B00E325C9 /* Swinject */ = {
			isa = XCSwiftPackageProductDependency;
			package = E37A56462DDF184B00E325C9 /* XCRemoteSwiftPackageReference "Swinject" */;
			productName = Swinject;
		};
/* End XCSwiftPackageProductDependency section */
	};
	rootObject = E37A56252DDF178F00E325C9 /* Project object */;
}
